
Microsoft Visual Studio Solution File, Format Version 12.00
# Visual Studio Version 16
VisualStudioVersion = 25.0.1706.4
MinimumVisualStudioVersion = 10.0.40219.1
Project("{FAE04EC0-301F-11D3-BF4B-00C04F79EFBC}") = "hausübung1", "hausübung1.csproj", "{552501CF-06A8-4448-80D7-DCB8C4D6CC5F}"
EndProject
Global
	GlobalSection(SolutionConfigurationPlatforms) = preSolution
		Debug|Any CPU = Debug|Any CPU
		Release|Any CPU = Release|Any CPU
	EndGlobalSection
	GlobalSection(ProjectConfigurationPlatforms) = postSolution
		{552501CF-06A8-4448-80D7-DCB8C4D6CC5F}.Debug|Any CPU.ActiveCfg = Debug|Any CPU
		{552501CF-06A8-4448-80D7-DCB8C4D6CC5F}.Debug|Any CPU.Build.0 = Debug|Any CPU
		{552501CF-06A8-4448-80D7-DCB8C4D6CC5F}.Release|Any CPU.ActiveCfg = Release|Any CPU
		{552501CF-06A8-4448-80D7-DCB8C4D6CC5F}.Release|Any CPU.Build.0 = Release|Any CPU
	EndGlobalSection
	GlobalSection(SolutionProperties) = preSolution
		HideSolutionNode = FALSE
	EndGlobalSection
	GlobalSection(ExtensibilityGlobals) = postSolution
		SolutionGuid = {70BB074F-E905-4551-82A2-02A712A49E15}
	EndGlobalSection
EndGlobal
